{
  "name": "typescript-vscode-watcher",
  "version": "1.0.0",
  "lockfileVersion": 2,
  "requires": true,
  "packages": {
    "": {
      "name": "typescript-vscode-watcher",
      "version": "1.0.0",
      "license": "MIT",
      "devDependencies": {
        "typescript": "https://typescript.visualstudio.com/cf7ac146-d525-443c-b23c-0d58337efebc/_apis/build/builds/153693/artifacts?artifactName=tgz&fileId=26EF50313EF6DC11AE5939709DA47D6DF2E2C014E54C4C193726E4789CA04AC702&fileName=/typescript-5.1.0-insiders.20230502.tgz"
      }
    },
    "node_modules/typescript": {
      "version": "5.1.0-insiders.20230502",
      "resolved": "https://typescript.visualstudio.com/cf7ac146-d525-443c-b23c-0d58337efebc/_apis/build/builds/153693/artifacts?artifactName=tgz&fileId=26EF50313EF6DC11AE5939709DA47D6DF2E2C014E54C4C193726E4789CA04AC702&fileName=/typescript-5.1.0-insiders.20230502.tgz",
      "dev": true,
      "license": "Apache-2.0",
      "bin": {
        "tsc": "bin/tsc",
        "tsserver": "bin/tsserver"
      },
      "engines": {
        "node": ">=14.17"
      }
    }
  },
  "dependencies": {
    "typescript": {
      "version": "https://typescript.visualstudio.com/cf7ac146-d525-443c-b23c-0d58337efebc/_apis/build/builds/153693/artifacts?artifactName=tgz&fileId=26EF50313EF6DC11AE5939709DA47D6DF2E2C014E54C4C193726E4789CA04AC702&fileName=/typescript-5.1.0-insiders.20230502.tgz",
      "dev": true
    }
  }
}
